// !$*UTF8*$!
{
	archiveVersion = 1;
	classes = {
	};
	objectVersion = 55;
	objects = {

/* Begin PBXBuildFile section */
		0D7A9BA728CDC4CA002C6DA1 /* RecommendCycleView.swift in Sources */ = {isa = PBXBuildFile; fileRef = 0D7A9BA628CDC4CA002C6DA1 /* RecommendCycleView.swift */; };
		0D7A9BAD28CDC51C002C6DA1 /* RecommendCycleView.xib in Resources */ = {isa = PBXBuildFile; fileRef = 0D7A9BAC28CDC51C002C6DA1 /* RecommendCycleView.xib */; };
		0D91E70828CAE58F00E29DE5 /* NetworkTool.swift in Sources */ = {isa = PBXBuildFile; fileRef = 0D91E70728CAE58F00E29DE5 /* NetworkTool.swift */; };
		0D91E70B28CAEE8200E29DE5 /* RecommendViewModel.swift in Sources */ = {isa = PBXBuildFile; fileRef = 0D91E70A28CAEE8200E29DE5 /* RecommendViewModel.swift */; };
		0D91E70D28CB19D300E29DE5 /* Date-Extension.swift in Sources */ = {isa = PBXBuildFile; fileRef = 0D91E70C28CB19D300E29DE5 /* Date-Extension.swift */; };
		0D91E70F28CB1B9800E29DE5 /* AnchorGroup.swift in Sources */ = {isa = PBXBuildFile; fileRef = 0D91E70E28CB1B9800E29DE5 /* AnchorGroup.swift */; };
		0D91E71128CB83D300E29DE5 /* AnchorModel.swift in Sources */ = {isa = PBXBuildFile; fileRef = 0D91E71028CB83D300E29DE5 /* AnchorModel.swift */; };
		0D91E71328CB921400E29DE5 /* CollectionBaseCell.swift in Sources */ = {isa = PBXBuildFile; fileRef = 0D91E71228CB921400E29DE5 /* CollectionBaseCell.swift */; };
		0DF522E928C898E70083420E /* AppDelegate.swift in Sources */ = {isa = PBXBuildFile; fileRef = 0DF522E828C898E70083420E /* AppDelegate.swift */; };
		0DF522EB28C898E70083420E /* SceneDelegate.swift in Sources */ = {isa = PBXBuildFile; fileRef = 0DF522EA28C898E70083420E /* SceneDelegate.swift */; };
		0DF522ED28C898E70083420E /* ViewController.swift in Sources */ = {isa = PBXBuildFile; fileRef = 0DF522EC28C898E70083420E /* ViewController.swift */; };
		0DF522F228C898E90083420E /* Assets.xcassets in Resources */ = {isa = PBXBuildFile; fileRef = 0DF522F128C898E90083420E /* Assets.xcassets */; };
		0DF522F528C898E90083420E /* LaunchScreen.storyboard in Resources */ = {isa = PBXBuildFile; fileRef = 0DF522F328C898E90083420E /* LaunchScreen.storyboard */; };
		0DF5231228C89A340083420E /* Main.storyboard in Resources */ = {isa = PBXBuildFile; fileRef = 0DF5231128C89A340083420E /* Main.storyboard */; };
		0DF5231C28C89CDA0083420E /* Home.storyboard in Resources */ = {isa = PBXBuildFile; fileRef = 0DF5231B28C89CDA0083420E /* Home.storyboard */; };
		0DF5231E28C89CE60083420E /* Live.storyboard in Resources */ = {isa = PBXBuildFile; fileRef = 0DF5231D28C89CE60083420E /* Live.storyboard */; };
		0DF5232028C89CF60083420E /* Follow.storyboard in Resources */ = {isa = PBXBuildFile; fileRef = 0DF5231F28C89CF60083420E /* Follow.storyboard */; };
		0DF5232228C89D040083420E /* Profile.storyboard in Resources */ = {isa = PBXBuildFile; fileRef = 0DF5232128C89D040083420E /* Profile.storyboard */; };
		0DF5232428C89D880083420E /* MainViewController.swift in Sources */ = {isa = PBXBuildFile; fileRef = 0DF5232328C89D880083420E /* MainViewController.swift */; };
		0DF5232628C89EA40083420E /* HomeViewController.swift in Sources */ = {isa = PBXBuildFile; fileRef = 0DF5232528C89EA40083420E /* HomeViewController.swift */; };
		0DF5232828C89EB00083420E /* LiveViewController.swift in Sources */ = {isa = PBXBuildFile; fileRef = 0DF5232728C89EB00083420E /* LiveViewController.swift */; };
		0DF5232A28C89EBB0083420E /* FollowViewController.swift in Sources */ = {isa = PBXBuildFile; fileRef = 0DF5232928C89EBB0083420E /* FollowViewController.swift */; };
		0DF5232C28C89EC70083420E /* ProfileViewController.swift in Sources */ = {isa = PBXBuildFile; fileRef = 0DF5232B28C89EC70083420E /* ProfileViewController.swift */; };
		0DF5233028C8A9410083420E /* UIBarButtonItem-Extension.swift in Sources */ = {isa = PBXBuildFile; fileRef = 0DF5232F28C8A9410083420E /* UIBarButtonItem-Extension.swift */; };
		0DF5233228C984790083420E /* PageTitleView.swift in Sources */ = {isa = PBXBuildFile; fileRef = 0DF5233128C984790083420E /* PageTitleView.swift */; };
		0DF5233428C986360083420E /* Common.swift in Sources */ = {isa = PBXBuildFile; fileRef = 0DF5233328C986360083420E /* Common.swift */; };
		0DF5233628C9BF180083420E /* PageContentView.swift in Sources */ = {isa = PBXBuildFile; fileRef = 0DF5233528C9BF180083420E /* PageContentView.swift */; };
		0DF5233828C9C2150083420E /* UIColor-Extension.swift in Sources */ = {isa = PBXBuildFile; fileRef = 0DF5233728C9C2150083420E /* UIColor-Extension.swift */; };
		0DF5235C28CA49B70083420E /* RecomendViewController.swift in Sources */ = {isa = PBXBuildFile; fileRef = 0DF5235B28CA49B70083420E /* RecomendViewController.swift */; };
		0DF5235F28CA57530083420E /* CollectionHeaderView.swift in Sources */ = {isa = PBXBuildFile; fileRef = 0DF5235D28CA57530083420E /* CollectionHeaderView.swift */; };
		0DF5236028CA57530083420E /* CollectionHeaderView.xib in Resources */ = {isa = PBXBuildFile; fileRef = 0DF5235E28CA57530083420E /* CollectionHeaderView.xib */; };
		0DF5236328CA5AE90083420E /* CollectionNormalCell.swift in Sources */ = {isa = PBXBuildFile; fileRef = 0DF5236128CA5AE90083420E /* CollectionNormalCell.swift */; };
		0DF5236428CA5AE90083420E /* CollectionNormalCell.xib in Resources */ = {isa = PBXBuildFile; fileRef = 0DF5236228CA5AE90083420E /* CollectionNormalCell.xib */; };
		0DF5236728CA5E870083420E /* CollectionPrettyCell.swift in Sources */ = {isa = PBXBuildFile; fileRef = 0DF5236528CA5E870083420E /* CollectionPrettyCell.swift */; };
		0DF5236828CA5E870083420E /* CollectionPrettyCell.xib in Resources */ = {isa = PBXBuildFile; fileRef = 0DF5236628CA5E870083420E /* CollectionPrettyCell.xib */; };
		7B95F7DB31960A897A6A72B7 /* Pods_DYZB.framework in Frameworks */ = {isa = PBXBuildFile; fileRef = 32123E6AA4B4BE6750F503A7 /* Pods_DYZB.framework */; };
/* End PBXBuildFile section */

/* Begin PBXFileReference section */
		0D7A9BA628CDC4CA002C6DA1 /* RecommendCycleView.swift */ = {isa = PBXFileReference; lastKnownFileType = sourcecode.swift; path = RecommendCycleView.swift; sourceTree = "<group>"; };
		0D7A9BAC28CDC51C002C6DA1 /* RecommendCycleView.xib */ = {isa = PBXFileReference; lastKnownFileType = file.xib; path = RecommendCycleView.xib; sourceTree = "<group>"; };
		0D91E70728CAE58F00E29DE5 /* NetworkTool.swift */ = {isa = PBXFileReference; lastKnownFileType = sourcecode.swift; path = NetworkTool.swift; sourceTree = "<group>"; };
		0D91E70A28CAEE8200E29DE5 /* RecommendViewModel.swift */ = {isa = PBXFileReference; lastKnownFileType = sourcecode.swift; path = RecommendViewModel.swift; sourceTree = "<group>"; };
		0D91E70C28CB19D300E29DE5 /* Date-Extension.swift */ = {isa = PBXFileReference; lastKnownFileType = sourcecode.swift; path = "Date-Extension.swift"; sourceTree = "<group>"; };
		0D91E70E28CB1B9800E29DE5 /* AnchorGroup.swift */ = {isa = PBXFileReference; lastKnownFileType = sourcecode.swift; path = AnchorGroup.swift; sourceTree = "<group>"; };
		0D91E71028CB83D300E29DE5 /* AnchorModel.swift */ = {isa = PBXFileReference; lastKnownFileType = sourcecode.swift; path = AnchorModel.swift; sourceTree = "<group>"; };
		0D91E71228CB921400E29DE5 /* CollectionBaseCell.swift */ = {isa = PBXFileReference; lastKnownFileType = sourcecode.swift; path = CollectionBaseCell.swift; sourceTree = "<group>"; };
		0DF522E528C898E70083420E /* DYZB.app */ = {isa = PBXFileReference; explicitFileType = wrapper.application; includeInIndex = 0; path = DYZB.app; sourceTree = BUILT_PRODUCTS_DIR; };
		0DF522E828C898E70083420E /* AppDelegate.swift */ = {isa = PBXFileReference; lastKnownFileType = sourcecode.swift; path = AppDelegate.swift; sourceTree = "<group>"; };
		0DF522EA28C898E70083420E /* SceneDelegate.swift */ = {isa = PBXFileReference; lastKnownFileType = sourcecode.swift; path = SceneDelegate.swift; sourceTree = "<group>"; };
		0DF522EC28C898E70083420E /* ViewController.swift */ = {isa = PBXFileReference; lastKnownFileType = sourcecode.swift; path = ViewController.swift; sourceTree = "<group>"; };
		0DF522F128C898E90083420E /* Assets.xcassets */ = {isa = PBXFileReference; lastKnownFileType = folder.assetcatalog; path = Assets.xcassets; sourceTree = "<group>"; };
		0DF522F428C898E90083420E /* Base */ = {isa = PBXFileReference; lastKnownFileType = file.storyboard; name = Base; path = Base.lproj/LaunchScreen.storyboard; sourceTree = "<group>"; };
		0DF522F628C898E90083420E /* Info.plist */ = {isa = PBXFileReference; lastKnownFileType = text.plist.xml; path = Info.plist; sourceTree = "<group>"; };
		0DF5231128C89A340083420E /* Main.storyboard */ = {isa = PBXFileReference; fileEncoding = 4; lastKnownFileType = file.storyboard; path = Main.storyboard; sourceTree = "<group>"; };
		0DF5231B28C89CDA0083420E /* Home.storyboard */ = {isa = PBXFileReference; fileEncoding = 4; lastKnownFileType = file.storyboard; path = Home.storyboard; sourceTree = "<group>"; };
		0DF5231D28C89CE60083420E /* Live.storyboard */ = {isa = PBXFileReference; fileEncoding = 4; lastKnownFileType = file.storyboard; path = Live.storyboard; sourceTree = "<group>"; };
		0DF5231F28C89CF60083420E /* Follow.storyboard */ = {isa = PBXFileReference; fileEncoding = 4; lastKnownFileType = file.storyboard; path = Follow.storyboard; sourceTree = "<group>"; };
		0DF5232128C89D040083420E /* Profile.storyboard */ = {isa = PBXFileReference; fileEncoding = 4; lastKnownFileType = file.storyboard; path = Profile.storyboard; sourceTree = "<group>"; };
		0DF5232328C89D880083420E /* MainViewController.swift */ = {isa = PBXFileReference; lastKnownFileType = sourcecode.swift; path = MainViewController.swift; sourceTree = "<group>"; };
		0DF5232528C89EA40083420E /* HomeViewController.swift */ = {isa = PBXFileReference; lastKnownFileType = sourcecode.swift; path = HomeViewController.swift; sourceTree = "<group>"; };
		0DF5232728C89EB00083420E /* LiveViewController.swift */ = {isa = PBXFileReference; lastKnownFileType = sourcecode.swift; path = LiveViewController.swift; sourceTree = "<group>"; };
		0DF5232928C89EBB0083420E /* FollowViewController.swift */ = {isa = PBXFileReference; lastKnownFileType = sourcecode.swift; path = FollowViewController.swift; sourceTree = "<group>"; };
		0DF5232B28C89EC70083420E /* ProfileViewController.swift */ = {isa = PBXFileReference; lastKnownFileType = sourcecode.swift; path = ProfileViewController.swift; sourceTree = "<group>"; };
		0DF5232F28C8A9410083420E /* UIBarButtonItem-Extension.swift */ = {isa = PBXFileReference; lastKnownFileType = sourcecode.swift; path = "UIBarButtonItem-Extension.swift"; sourceTree = "<group>"; };
		0DF5233128C984790083420E /* PageTitleView.swift */ = {isa = PBXFileReference; lastKnownFileType = sourcecode.swift; path = PageTitleView.swift; sourceTree = "<group>"; };
		0DF5233328C986360083420E /* Common.swift */ = {isa = PBXFileReference; lastKnownFileType = sourcecode.swift; path = Common.swift; sourceTree = "<group>"; };
		0DF5233528C9BF180083420E /* PageContentView.swift */ = {isa = PBXFileReference; lastKnownFileType = sourcecode.swift; path = PageContentView.swift; sourceTree = "<group>"; };
		0DF5233728C9C2150083420E /* UIColor-Extension.swift */ = {isa = PBXFileReference; lastKnownFileType = sourcecode.swift; path = "UIColor-Extension.swift"; sourceTree = "<group>"; };
		0DF5235B28CA49B70083420E /* RecomendViewController.swift */ = {isa = PBXFileReference; lastKnownFileType = sourcecode.swift; path = RecomendViewController.swift; sourceTree = "<group>"; };
		0DF5235D28CA57530083420E /* CollectionHeaderView.swift */ = {isa = PBXFileReference; lastKnownFileType = sourcecode.swift; path = CollectionHeaderView.swift; sourceTree = "<group>"; };
		0DF5235E28CA57530083420E /* CollectionHeaderView.xib */ = {isa = PBXFileReference; lastKnownFileType = file.xib; path = CollectionHeaderView.xib; sourceTree = "<group>"; };
		0DF5236128CA5AE90083420E /* CollectionNormalCell.swift */ = {isa = PBXFileReference; lastKnownFileType = sourcecode.swift; path = CollectionNormalCell.swift; sourceTree = "<group>"; };
		0DF5236228CA5AE90083420E /* CollectionNormalCell.xib */ = {isa = PBXFileReference; lastKnownFileType = file.xib; path = CollectionNormalCell.xib; sourceTree = "<group>"; };
		0DF5236528CA5E870083420E /* CollectionPrettyCell.swift */ = {isa = PBXFileReference; lastKnownFileType = sourcecode.swift; path = CollectionPrettyCell.swift; sourceTree = "<group>"; };
		0DF5236628CA5E870083420E /* CollectionPrettyCell.xib */ = {isa = PBXFileReference; lastKnownFileType = file.xib; path = CollectionPrettyCell.xib; sourceTree = "<group>"; };
		32123E6AA4B4BE6750F503A7 /* Pods_DYZB.framework */ = {isa = PBXFileReference; explicitFileType = wrapper.framework; includeInIndex = 0; path = Pods_DYZB.framework; sourceTree = BUILT_PRODUCTS_DIR; };
		AF42BC479BBBC248585A25EC /* Pods-DYZB.release.xcconfig */ = {isa = PBXFileReference; includeInIndex = 1; lastKnownFileType = text.xcconfig; name = "Pods-DYZB.release.xcconfig"; path = "Target Support Files/Pods-DYZB/Pods-DYZB.release.xcconfig"; sourceTree = "<group>"; };
		CC7996C0265CB9C1E24A235E /* Pods-DYZB.debug.xcconfig */ = {isa = PBXFileReference; includeInIndex = 1; lastKnownFileType = text.xcconfig; name = "Pods-DYZB.debug.xcconfig"; path = "Target Support Files/Pods-DYZB/Pods-DYZB.debug.xcconfig"; sourceTree = "<group>"; };
/* End PBXFileReference section */

/* Begin PBXFrameworksBuildPhase section */
		0DF522E228C898E70083420E /* Frameworks */ = {
			isa = PBXFrameworksBuildPhase;
			buildActionMask = 2147483647;
			files = (
				7B95F7DB31960A897A6A72B7 /* Pods_DYZB.framework in Frameworks */,
			);
			runOnlyForDeploymentPostprocessing = 0;
		};
/* End PBXFrameworksBuildPhase section */

/* Begin PBXGroup section */
		0D91E70928CAEE6400E29DE5 /* ViewModel */ = {
			isa = PBXGroup;
			children = (
				0D91E70A28CAEE8200E29DE5 /* RecommendViewModel.swift */,
			);
			path = ViewModel;
			sourceTree = "<group>";
		};
		0DF522DC28C898E70083420E = {
			isa = PBXGroup;
			children = (
				0DF522E728C898E70083420E /* DYZB */,
				0DF522E628C898E70083420E /* Products */,
				DD7F006509C1F225DFF4C550 /* Pods */,
				FB88D3C853BB7D8124507BE9 /* Frameworks */,
			);
			sourceTree = "<group>";
		};
		0DF522E628C898E70083420E /* Products */ = {
			isa = PBXGroup;
			children = (
				0DF522E528C898E70083420E /* DYZB.app */,
			);
			name = Products;
			sourceTree = "<group>";
		};
		0DF522E728C898E70083420E /* DYZB */ = {
			isa = PBXGroup;
			children = (
				0DF522FC28C899F80083420E /* Classes */,
				0DF522E828C898E70083420E /* AppDelegate.swift */,
				0DF522EA28C898E70083420E /* SceneDelegate.swift */,
				0DF522EC28C898E70083420E /* ViewController.swift */,
				0DF522F128C898E90083420E /* Assets.xcassets */,
				0DF522F328C898E90083420E /* LaunchScreen.storyboard */,
				0DF522F628C898E90083420E /* Info.plist */,
			);
			path = DYZB;
			sourceTree = "<group>";
		};
		0DF522FC28C899F80083420E /* Classes */ = {
			isa = PBXGroup;
			children = (
				0DF5232D28C8A91C0083420E /* Tools */,
				0DF5230D28C899F80083420E /* Main */,
				0DF522FD28C899F80083420E /* Home */,
				0DF5230928C899F80083420E /* Live */,
				0DF5230128C899F80083420E /* Follow */,
				0DF5230528C899F80083420E /* Profile */,
			);
			path = Classes;
			sourceTree = "<group>";
		};
		0DF522FD28C899F80083420E /* Home */ = {
			isa = PBXGroup;
			children = (
				0D91E70928CAEE6400E29DE5 /* ViewModel */,
				0DF522FE28C899F80083420E /* Controller */,
				0DF522FF28C899F80083420E /* Model */,
				0DF5230028C899F80083420E /* View */,
			);
			path = Home;
			sourceTree = "<group>";
		};
		0DF522FE28C899F80083420E /* Controller */ = {
			isa = PBXGroup;
			children = (
				0DF5231B28C89CDA0083420E /* Home.storyboard */,
				0DF5232528C89EA40083420E /* HomeViewController.swift */,
				0DF5235B28CA49B70083420E /* RecomendViewController.swift */,
			);
			path = Controller;
			sourceTree = "<group>";
		};
		0DF522FF28C899F80083420E /* Model */ = {
			isa = PBXGroup;
			children = (
			);
			path = Model;
			sourceTree = "<group>";
		};
		0DF5230028C899F80083420E /* View */ = {
			isa = PBXGroup;
			children = (
				0DF5235D28CA57530083420E /* CollectionHeaderView.swift */,
				0DF5235E28CA57530083420E /* CollectionHeaderView.xib */,
				0D7A9BA628CDC4CA002C6DA1 /* RecommendCycleView.swift */,
				0D7A9BAC28CDC51C002C6DA1 /* RecommendCycleView.xib */,
			);
			path = View;
			sourceTree = "<group>";
		};
		0DF5230128C899F80083420E /* Follow */ = {
			isa = PBXGroup;
			children = (
				0DF5230228C899F80083420E /* Controller */,
				0DF5230328C899F80083420E /* Model */,
				0DF5230428C899F80083420E /* View */,
			);
			path = Follow;
			sourceTree = "<group>";
		};
		0DF5230228C899F80083420E /* Controller */ = {
			isa = PBXGroup;
			children = (
				0DF5231F28C89CF60083420E /* Follow.storyboard */,
				0DF5232928C89EBB0083420E /* FollowViewController.swift */,
			);
			path = Controller;
			sourceTree = "<group>";
		};
		0DF5230328C899F80083420E /* Model */ = {
			isa = PBXGroup;
			children = (
			);
			path = Model;
			sourceTree = "<group>";
		};
		0DF5230428C899F80083420E /* View */ = {
			isa = PBXGroup;
			children = (
			);
			path = View;
			sourceTree = "<group>";
		};
		0DF5230528C899F80083420E /* Profile */ = {
			isa = PBXGroup;
			children = (
				0DF5230628C899F80083420E /* Controller */,
				0DF5230728C899F80083420E /* Model */,
				0DF5230828C899F80083420E /* View */,
			);
			path = Profile;
			sourceTree = "<group>";
		};
		0DF5230628C899F80083420E /* Controller */ = {
			isa = PBXGroup;
			children = (
				0DF5232128C89D040083420E /* Profile.storyboard */,
				0DF5232B28C89EC70083420E /* ProfileViewController.swift */,
			);
			path = Controller;
			sourceTree = "<group>";
		};
		0DF5230728C899F80083420E /* Model */ = {
			isa = PBXGroup;
			children = (
			);
			path = Model;
			sourceTree = "<group>";
		};
		0DF5230828C899F80083420E /* View */ = {
			isa = PBXGroup;
			children = (
			);
			path = View;
			sourceTree = "<group>";
		};
		0DF5230928C899F80083420E /* Live */ = {
			isa = PBXGroup;
			children = (
				0DF5230A28C899F80083420E /* Controller */,
				0DF5230B28C899F80083420E /* Model */,
				0DF5230C28C899F80083420E /* View */,
			);
			path = Live;
			sourceTree = "<group>";
		};
		0DF5230A28C899F80083420E /* Controller */ = {
			isa = PBXGroup;
			children = (
				0DF5231D28C89CE60083420E /* Live.storyboard */,
				0DF5232728C89EB00083420E /* LiveViewController.swift */,
			);
			path = Controller;
			sourceTree = "<group>";
		};
		0DF5230B28C899F80083420E /* Model */ = {
			isa = PBXGroup;
			children = (
			);
			path = Model;
			sourceTree = "<group>";
		};
		0DF5230C28C899F80083420E /* View */ = {
			isa = PBXGroup;
			children = (
			);
			path = View;
			sourceTree = "<group>";
		};
		0DF5230D28C899F80083420E /* Main */ = {
			isa = PBXGroup;
			children = (
				0DF5230E28C899F80083420E /* Controller */,
				0DF5230F28C899F80083420E /* Model */,
				0DF5231028C899F80083420E /* View */,
			);
			path = Main;
			sourceTree = "<group>";
		};
		0DF5230E28C899F80083420E /* Controller */ = {
			isa = PBXGroup;
			children = (
				0DF5231128C89A340083420E /* Main.storyboard */,
				0DF5232328C89D880083420E /* MainViewController.swift */,
			);
			path = Controller;
			sourceTree = "<group>";
		};
		0DF5230F28C899F80083420E /* Model */ = {
			isa = PBXGroup;
			children = (
				0D91E70E28CB1B9800E29DE5 /* AnchorGroup.swift */,
				0D91E71028CB83D300E29DE5 /* AnchorModel.swift */,
			);
			path = Model;
			sourceTree = "<group>";
		};
		0DF5231028C899F80083420E /* View */ = {
			isa = PBXGroup;
			children = (
				0DF5233128C984790083420E /* PageTitleView.swift */,
				0DF5233528C9BF180083420E /* PageContentView.swift */,
				0DF5236128CA5AE90083420E /* CollectionNormalCell.swift */,
				0DF5236228CA5AE90083420E /* CollectionNormalCell.xib */,
				0DF5236528CA5E870083420E /* CollectionPrettyCell.swift */,
				0DF5236628CA5E870083420E /* CollectionPrettyCell.xib */,
				0D91E71228CB921400E29DE5 /* CollectionBaseCell.swift */,
			);
			path = View;
			sourceTree = "<group>";
		};
		0DF5232D28C8A91C0083420E /* Tools */ = {
			isa = PBXGroup;
			children = (
				0DF5232E28C8A91C0083420E /* Extension */,
				0DF5233328C986360083420E /* Common.swift */,
				0D91E70728CAE58F00E29DE5 /* NetworkTool.swift */,
			);
			path = Tools;
			sourceTree = "<group>";
		};
		0DF5232E28C8A91C0083420E /* Extension */ = {
			isa = PBXGroup;
			children = (
				0DF5232F28C8A9410083420E /* UIBarButtonItem-Extension.swift */,
				0DF5233728C9C2150083420E /* UIColor-Extension.swift */,
				0D91E70C28CB19D300E29DE5 /* Date-Extension.swift */,
			);
			path = Extension;
			sourceTree = "<group>";
		};
		DD7F006509C1F225DFF4C550 /* Pods */ = {
			isa = PBXGroup;
			children = (
				CC7996C0265CB9C1E24A235E /* Pods-DYZB.debug.xcconfig */,
				AF42BC479BBBC248585A25EC /* Pods-DYZB.release.xcconfig */,
			);
			path = Pods;
			sourceTree = "<group>";
		};
		FB88D3C853BB7D8124507BE9 /* Frameworks */ = {
			isa = PBXGroup;
			children = (
				32123E6AA4B4BE6750F503A7 /* Pods_DYZB.framework */,
			);
			name = Frameworks;
			sourceTree = "<group>";
		};
/* End PBXGroup section */

/* Begin PBXNativeTarget section */
		0DF522E428C898E70083420E /* DYZB */ = {
			isa = PBXNativeTarget;
			buildConfigurationList = 0DF522F928C898E90083420E /* Build configuration list for PBXNativeTarget "DYZB" */;
			buildPhases = (
				7658CA41D38326A415096165 /* [CP] Check Pods Manifest.lock */,
				0DF522E128C898E70083420E /* Sources */,
				0DF522E228C898E70083420E /* Frameworks */,
				0DF522E328C898E70083420E /* Resources */,
				81EF7B7B098C5E2182688BDF /* [CP] Embed Pods Frameworks */,
			);
			buildRules = (
			);
			dependencies = (
			);
			name = DYZB;
			productName = DYZB;
			productReference = 0DF522E528C898E70083420E /* DYZB.app */;
			productType = "com.apple.product-type.application";
		};
/* End PBXNativeTarget section */

/* Begin PBXProject section */
		0DF522DD28C898E70083420E /* Project object */ = {
			isa = PBXProject;
			attributes = {
				BuildIndependentTargetsInParallel = 1;
				LastSwiftUpdateCheck = 1340;
				LastUpgradeCheck = 1340;
				TargetAttributes = {
					0DF522E428C898E70083420E = {
						CreatedOnToolsVersion = 13.4.1;
					};
				};
			};
			buildConfigurationList = 0DF522E028C898E70083420E /* Build configuration list for PBXProject "DYZB" */;
			compatibilityVersion = "Xcode 13.0";
			developmentRegion = en;
			hasScannedForEncodings = 0;
			knownRegions = (
				en,
				Base,
			);
			mainGroup = 0DF522DC28C898E70083420E;
			productRefGroup = 0DF522E628C898E70083420E /* Products */;
			projectDirPath = "";
			projectRoot = "";
			targets = (
				0DF522E428C898E70083420E /* DYZB */,
			);
		};
/* End PBXProject section */

/* Begin PBXResourcesBuildPhase section */
		0DF522E328C898E70083420E /* Resources */ = {
			isa = PBXResourcesBuildPhase;
			buildActionMask = 2147483647;
			files = (
				0DF5231228C89A340083420E /* Main.storyboard in Resources */,
				0DF5236028CA57530083420E /* CollectionHeaderView.xib in Resources */,
				0DF5236428CA5AE90083420E /* CollectionNormalCell.xib in Resources */,
				0DF522F528C898E90083420E /* LaunchScreen.storyboard in Resources */,
				0DF522F228C898E90083420E /* Assets.xcassets in Resources */,
				0DF5231E28C89CE60083420E /* Live.storyboard in Resources */,
				0DF5231C28C89CDA0083420E /* Home.storyboard in Resources */,
				0D7A9BAD28CDC51C002C6DA1 /* RecommendCycleView.xib in Resources */,
				0DF5236828CA5E870083420E /* CollectionPrettyCell.xib in Resources */,
				0DF5232228C89D040083420E /* Profile.storyboard in Resources */,
				0DF5232028C89CF60083420E /* Follow.storyboard in Resources */,
			);
			runOnlyForDeploymentPostprocessing = 0;
		};
/* End PBXResourcesBuildPhase section */

/* Begin PBXShellScriptBuildPhase section */
		7658CA41D38326A415096165 /* [CP] Check Pods Manifest.lock */ = {
			isa = PBXShellScriptBuildPhase;
			buildActionMask = 2147483647;
			files = (
			);
			inputFileListPaths = (
			);
			inputPaths = (
				"${PODS_PODFILE_DIR_PATH}/Podfile.lock",
				"${PODS_ROOT}/Manifest.lock",
			);
			name = "[CP] Check Pods Manifest.lock";
			outputFileListPaths = (
			);
			outputPaths = (
				"$(DERIVED_FILE_DIR)/Pods-DYZB-checkManifestLockResult.txt",
			);
			runOnlyForDeploymentPostprocessing = 0;
			shellPath = /bin/sh;
			shellScript = "diff \"${PODS_PODFILE_DIR_PATH}/Podfile.lock\" \"${PODS_ROOT}/Manifest.lock\" > /dev/null\nif [ $? != 0 ] ; then\n    # print error to STDERR\n    echo \"error: The sandbox is not in sync with the Podfile.lock. Run 'pod install' or update your CocoaPods installation.\" >&2\n    exit 1\nfi\n# This output is used by Xcode 'outputs' to avoid re-running this script phase.\necho \"SUCCESS\" > \"${SCRIPT_OUTPUT_FILE_0}\"\n";
			showEnvVarsInLog = 0;
		};
		81EF7B7B098C5E2182688BDF /* [CP] Embed Pods Frameworks */ = {
			isa = PBXShellScriptBuildPhase;
			buildActionMask = 2147483647;
			files = (
			);
			inputFileListPaths = (
				"${PODS_ROOT}/Target Support Files/Pods-DYZB/Pods-DYZB-frameworks-${CONFIGURATION}-input-files.xcfilelist",
			);
			name = "[CP] Embed Pods Frameworks";
			outputFileListPaths = (
				"${PODS_ROOT}/Target Support Files/Pods-DYZB/Pods-DYZB-frameworks-${CONFIGURATION}-output-files.xcfilelist",
			);
			runOnlyForDeploymentPostprocessing = 0;
			shellPath = /bin/sh;
			shellScript = "\"${PODS_ROOT}/Target Support Files/Pods-DYZB/Pods-DYZB-frameworks.sh\"\n";
			showEnvVarsInLog = 0;
		};
/* End PBXShellScriptBuildPhase section */

/* Begin PBXSourcesBuildPhase section */
		0DF522E128C898E70083420E /* Sources */ = {
			isa = PBXSourcesBuildPhase;
			buildActionMask = 2147483647;
			files = (
				0DF5236728CA5E870083420E /* CollectionPrettyCell.swift in Sources */,
				0DF5232628C89EA40083420E /* HomeViewController.swift in Sources */,
				0DF522ED28C898E70083420E /* ViewController.swift in Sources */,
				0D91E70F28CB1B9800E29DE5 /* AnchorGroup.swift in Sources */,
				0D91E71128CB83D300E29DE5 /* AnchorModel.swift in Sources */,
				0D91E70D28CB19D300E29DE5 /* Date-Extension.swift in Sources */,
				0DF5233228C984790083420E /* PageTitleView.swift in Sources */,
				0DF522E928C898E70083420E /* AppDelegate.swift in Sources */,
				0D7A9BA728CDC4CA002C6DA1 /* RecommendCycleView.swift in Sources */,
				0D91E70B28CAEE8200E29DE5 /* RecommendViewModel.swift in Sources */,
				0DF5233428C986360083420E /* Common.swift in Sources */,
				0DF522EB28C898E70083420E /* SceneDelegate.swift in Sources */,
				0DF5235F28CA57530083420E /* CollectionHeaderView.swift in Sources */,
				0DF5232828C89EB00083420E /* LiveViewController.swift in Sources */,
				0DF5233628C9BF180083420E /* PageContentView.swift in Sources */,
				0D91E70828CAE58F00E29DE5 /* NetworkTool.swift in Sources */,
				0DF5233828C9C2150083420E /* UIColor-Extension.swift in Sources */,
				0DF5236328CA5AE90083420E /* CollectionNormalCell.swift in Sources */,
				0D91E71328CB921400E29DE5 /* CollectionBaseCell.swift in Sources */,
				0DF5232428C89D880083420E /* MainViewController.swift in Sources */,
				0DF5232C28C89EC70083420E /* ProfileViewController.swift in Sources */,
				0DF5233028C8A9410083420E /* UIBarButtonItem-Extension.swift in Sources */,
				0DF5232A28C89EBB0083420E /* FollowViewController.swift in Sources */,
				0DF5235C28CA49B70083420E /* RecomendViewController.swift in Sources */,
			);
			runOnlyForDeploymentPostprocessing = 0;
		};
/* End PBXSourcesBuildPhase section */

/* Begin PBXVariantGroup section */
		0DF522F328C898E90083420E /* LaunchScreen.storyboard */ = {
			isa = PBXVariantGroup;
			children = (
				0DF522F428C898E90083420E /* Base */,
			);
			name = LaunchScreen.storyboard;
			sourceTree = "<group>";
		};
/* End PBXVariantGroup section */

/* Begin XCBuildConfiguration section */
		0DF522F728C898E90083420E /* Debug */ = {
			isa = XCBuildConfiguration;
			buildSettings = {
				ALWAYS_SEARCH_USER_PATHS = NO;
				CLANG_ANALYZER_NONNULL = YES;
				CLANG_ANALYZER_NUMBER_OBJECT_CONVERSION = YES_AGGRESSIVE;
				CLANG_CXX_LANGUAGE_STANDARD = "gnu++17";
				CLANG_ENABLE_MODULES = YES;
				CLANG_ENABLE_OBJC_ARC = YES;
				CLANG_ENABLE_OBJC_WEAK = YES;
				CLANG_WARN_BLOCK_CAPTURE_AUTORELEASING = YES;
				CLANG_WARN_BOOL_CONVERSION = YES;
				CLANG_WARN_COMMA = YES;
				CLANG_WARN_CONSTANT_CONVERSION = YES;
				CLANG_WARN_DEPRECATED_OBJC_IMPLEMENTATIONS = YES;
				CLANG_WARN_DIRECT_OBJC_ISA_USAGE = YES_ERROR;
				CLANG_WARN_DOCUMENTATION_COMMENTS = YES;
				CLANG_WARN_EMPTY_BODY = YES;
				CLANG_WARN_ENUM_CONVERSION = YES;
				CLANG_WARN_INFINITE_RECURSION = YES;
				CLANG_WARN_INT_CONVERSION = YES;
				CLANG_WARN_NON_LITERAL_NULL_CONVERSION = YES;
				CLANG_WARN_OBJC_IMPLICIT_RETAIN_SELF = YES;
				CLANG_WARN_OBJC_LITERAL_CONVERSION = YES;
				CLANG_WARN_OBJC_ROOT_CLASS = YES_ERROR;
				CLANG_WARN_QUOTED_INCLUDE_IN_FRAMEWORK_HEADER = YES;
				CLANG_WARN_RANGE_LOOP_ANALYSIS = YES;
				CLANG_WARN_STRICT_PROTOTYPES = YES;
				CLANG_WARN_SUSPICIOUS_MOVE = YES;
				CLANG_WARN_UNGUARDED_AVAILABILITY = YES_AGGRESSIVE;
				CLANG_WARN_UNREACHABLE_CODE = YES;
				CLANG_WARN__DUPLICATE_METHOD_MATCH = YES;
				COPY_PHASE_STRIP = NO;
				DEBUG_INFORMATION_FORMAT = dwarf;
				ENABLE_STRICT_OBJC_MSGSEND = YES;
				ENABLE_TESTABILITY = YES;
				GCC_C_LANGUAGE_STANDARD = gnu11;
				GCC_DYNAMIC_NO_PIC = NO;
				GCC_NO_COMMON_BLOCKS = YES;
				GCC_OPTIMIZATION_LEVEL = 0;
				GCC_PREPROCESSOR_DEFINITIONS = (
					"DEBUG=1",
					"$(inherited)",
				);
				GCC_WARN_64_TO_32_BIT_CONVERSION = YES;
				GCC_WARN_ABOUT_RETURN_TYPE = YES_ERROR;
				GCC_WARN_UNDECLARED_SELECTOR = YES;
				GCC_WARN_UNINITIALIZED_AUTOS = YES_AGGRESSIVE;
				GCC_WARN_UNUSED_FUNCTION = YES;
				GCC_WARN_UNUSED_VARIABLE = YES;
				IPHONEOS_DEPLOYMENT_TARGET = 15.5;
				MTL_ENABLE_DEBUG_INFO = INCLUDE_SOURCE;
				MTL_FAST_MATH = YES;
				ONLY_ACTIVE_ARCH = YES;
				SDKROOT = iphoneos;
				SWIFT_ACTIVE_COMPILATION_CONDITIONS = DEBUG;
				SWIFT_OPTIMIZATION_LEVEL = "-Onone";
			};
			name = Debug;
		};
		0DF522F828C898E90083420E /* Release */ = {
			isa = XCBuildConfiguration;
			buildSettings = {
				ALWAYS_SEARCH_USER_PATHS = NO;
				CLANG_ANALYZER_NONNULL = YES;
				CLANG_ANALYZER_NUMBER_OBJECT_CONVERSION = YES_AGGRESSIVE;
				CLANG_CXX_LANGUAGE_STANDARD = "gnu++17";
				CLANG_ENABLE_MODULES = YES;
				CLANG_ENABLE_OBJC_ARC = YES;
				CLANG_ENABLE_OBJC_WEAK = YES;
				CLANG_WARN_BLOCK_CAPTURE_AUTORELEASING = YES;
				CLANG_WARN_BOOL_CONVERSION = YES;
				CLANG_WARN_COMMA = YES;
				CLANG_WARN_CONSTANT_CONVERSION = YES;
				CLANG_WARN_DEPRECATED_OBJC_IMPLEMENTATIONS = YES;
				CLANG_WARN_DIRECT_OBJC_ISA_USAGE = YES_ERROR;
				CLANG_WARN_DOCUMENTATION_COMMENTS = YES;
				CLANG_WARN_EMPTY_BODY = YES;
				CLANG_WARN_ENUM_CONVERSION = YES;
				CLANG_WARN_INFINITE_RECURSION = YES;
				CLANG_WARN_INT_CONVERSION = YES;
				CLANG_WARN_NON_LITERAL_NULL_CONVERSION = YES;
				CLANG_WARN_OBJC_IMPLICIT_RETAIN_SELF = YES;
				CLANG_WARN_OBJC_LITERAL_CONVERSION = YES;
				CLANG_WARN_OBJC_ROOT_CLASS = YES_ERROR;
				CLANG_WARN_QUOTED_INCLUDE_IN_FRAMEWORK_HEADER = YES;
				CLANG_WARN_RANGE_LOOP_ANALYSIS = YES;
				CLANG_WARN_STRICT_PROTOTYPES = YES;
				CLANG_WARN_SUSPICIOUS_MOVE = YES;
				CLANG_WARN_UNGUARDED_AVAILABILITY = YES_AGGRESSIVE;
				CLANG_WARN_UNREACHABLE_CODE = YES;
				CLANG_WARN__DUPLICATE_METHOD_MATCH = YES;
				COPY_PHASE_STRIP = NO;
				DEBUG_INFORMATION_FORMAT = "dwarf-with-dsym";
				ENABLE_NS_ASSERTIONS = NO;
				ENABLE_STRICT_OBJC_MSGSEND = YES;
				GCC_C_LANGUAGE_STANDARD = gnu11;
				GCC_NO_COMMON_BLOCKS = YES;
				GCC_WARN_64_TO_32_BIT_CONVERSION = YES;
				GCC_WARN_ABOUT_RETURN_TYPE = YES_ERROR;
				GCC_WARN_UNDECLARED_SELECTOR = YES;
				GCC_WARN_UNINITIALIZED_AUTOS = YES_AGGRESSIVE;
				GCC_WARN_UNUSED_FUNCTION = YES;
				GCC_WARN_UNUSED_VARIABLE = YES;
				IPHONEOS_DEPLOYMENT_TARGET = 15.5;
				MTL_ENABLE_DEBUG_INFO = NO;
				MTL_FAST_MATH = YES;
				SDKROOT = iphoneos;
				SWIFT_COMPILATION_MODE = wholemodule;
				SWIFT_OPTIMIZATION_LEVEL = "-O";
				VALIDATE_PRODUCT = YES;
			};
			name = Release;
		};
		0DF522FA28C898E90083420E /* Debug */ = {
			isa = XCBuildConfiguration;
			baseConfigurationReference = CC7996C0265CB9C1E24A235E /* Pods-DYZB.debug.xcconfig */;
			buildSettings = {
				ASSETCATALOG_COMPILER_APPICON_NAME = AppIcon;
				ASSETCATALOG_COMPILER_GLOBAL_ACCENT_COLOR_NAME = AccentColor;
				CODE_SIGN_STYLE = Automatic;
				CURRENT_PROJECT_VERSION = 1;
				GENERATE_INFOPLIST_FILE = YES;
				INFOPLIST_FILE = DYZB/Info.plist;
				INFOPLIST_KEY_UIApplicationSupportsIndirectInputEvents = YES;
				INFOPLIST_KEY_UILaunchStoryboardName = LaunchScreen;
				INFOPLIST_KEY_UIMainStoryboardFile = Main;
				INFOPLIST_KEY_UISupportedInterfaceOrientations_iPad = "UIInterfaceOrientationPortrait UIInterfaceOrientationPortraitUpsideDown UIInterfaceOrientationLandscapeLeft UIInterfaceOrientationLandscapeRight";
				INFOPLIST_KEY_UISupportedInterfaceOrientations_iPhone = "UIInterfaceOrientationPortrait UIInterfaceOrientationLandscapeLeft UIInterfaceOrientationLandscapeRight";
				IPHONEOS_DEPLOYMENT_TARGET = 13.0;
				LD_RUNPATH_SEARCH_PATHS = (
					"$(inherited)",
					"@executable_path/Frameworks",
				);
				MARKETING_VERSION = 1.0;
				PRODUCT_BUNDLE_IDENTIFIER = andy.DYZB;
				PRODUCT_NAME = "$(TARGET_NAME)";
				SWIFT_EMIT_LOC_STRINGS = YES;
				SWIFT_VERSION = 5.0;
				TARGETED_DEVICE_FAMILY = 1;
			};
			name = Debug;
		};
		0DF522FB28C898E90083420E /* Release */ = {
			isa = XCBuildConfiguration;
			baseConfigurationReference = AF42BC479BBBC248585A25EC /* Pods-DYZB.release.xcconfig */;
			buildSettings = {
				ASSETCATALOG_COMPILER_APPICON_NAME = AppIcon;
				ASSETCATALOG_COMPILER_GLOBAL_ACCENT_COLOR_NAME = AccentColor;
				CODE_SIGN_STYLE = Automatic;
				CURRENT_PROJECT_VERSION = 1;
				GENERATE_INFOPLIST_FILE = YES;
				INFOPLIST_FILE = DYZB/Info.plist;
				INFOPLIST_KEY_UIApplicationSupportsIndirectInputEvents = YES;
				INFOPLIST_KEY_UILaunchStoryboardName = LaunchScreen;
				INFOPLIST_KEY_UIMainStoryboardFile = Main;
				INFOPLIST_KEY_UISupportedInterfaceOrientations_iPad = "UIInterfaceOrientationPortrait UIInterfaceOrientationPortraitUpsideDown UIInterfaceOrientationLandscapeLeft UIInterfaceOrientationLandscapeRight";
				INFOPLIST_KEY_UISupportedInterfaceOrientations_iPhone = "UIInterfaceOrientationPortrait UIInterfaceOrientationLandscapeLeft UIInterfaceOrientationLandscapeRight";
				IPHONEOS_DEPLOYMENT_TARGET = 13.0;
				LD_RUNPATH_SEARCH_PATHS = (
					"$(inherited)",
					"@executable_path/Frameworks",
				);
				MARKETING_VERSION = 1.0;
				PRODUCT_BUNDLE_IDENTIFIER = andy.DYZB;
				PRODUCT_NAME = "$(TARGET_NAME)";
				SWIFT_EMIT_LOC_STRINGS = YES;
				SWIFT_VERSION = 5.0;
				TARGETED_DEVICE_FAMILY = 1;
			};
			name = Release;
		};
/* End XCBuildConfiguration section */

/* Begin XCConfigurationList section */
		0DF522E028C898E70083420E /* Build configuration list for PBXProject "DYZB" */ = {
			isa = XCConfigurationList;
			buildConfigurations = (
				0DF522F728C898E90083420E /* Debug */,
				0DF522F828C898E90083420E /* Release */,
			);
			defaultConfigurationIsVisible = 0;
			defaultConfigurationName = Release;
		};
		0DF522F928C898E90083420E /* Build configuration list for PBXNativeTarget "DYZB" */ = {
			isa = XCConfigurationList;
			buildConfigurations = (
				0DF522FA28C898E90083420E /* Debug */,
				0DF522FB28C898E90083420E /* Release */,
			);
			defaultConfigurationIsVisible = 0;
			defaultConfigurationName = Release;
		};
/* End XCConfigurationList section */
	};
	rootObject = 0DF522DD28C898E70083420E /* Project object */;
}
